// !$*UTF8*$!
{
	archiveVersion = 1;
	classes = {
	};
	objectVersion = 56;
	objects = {

/* Begin PBXBuildFile section */
		A1B262CD29CE5E330080FC4F /* NetworkingManager.swift in Sources */ = {isa = PBXBuildFile; fileRef = A1B262CC29CE5E330080FC4F /* NetworkingManager.swift */; };
		A1CD2D302A8AE87F00BA7BF0 /* GoogleService-Info.plist in Resources */ = {isa = PBXBuildFile; fileRef = A1CD2D2F2A8AE87F00BA7BF0 /* GoogleService-Info.plist */; };
		A1CD2D332A8AE92B00BA7BF0 /* FirebaseAnalytics in Frameworks */ = {isa = PBXBuildFile; productRef = A1CD2D322A8AE92B00BA7BF0 /* FirebaseAnalytics */; };
		A1CD2D352A8AE92B00BA7BF0 /* FirebaseAnalyticsWithoutAdIdSupport in Frameworks */ = {isa = PBXBuildFile; productRef = A1CD2D342A8AE92B00BA7BF0 /* FirebaseAnalyticsWithoutAdIdSupport */; };
		A1CD2D382A8AEFC100BA7BF0 /* FirebaseFirestore in Frameworks */ = {isa = PBXBuildFile; productRef = A1CD2D372A8AEFC100BA7BF0 /* FirebaseFirestore */; };
		A1E0B58B29C8E91E00708099 /* AppDelegate.swift in Sources */ = {isa = PBXBuildFile; fileRef = A1E0B58A29C8E91E00708099 /* AppDelegate.swift */; };
		A1E0B58D29C8E91E00708099 /* SceneDelegate.swift in Sources */ = {isa = PBXBuildFile; fileRef = A1E0B58C29C8E91E00708099 /* SceneDelegate.swift */; };
		A1E0B58F29C8E91E00708099 /* ViewController.swift in Sources */ = {isa = PBXBuildFile; fileRef = A1E0B58E29C8E91E00708099 /* ViewController.swift */; };
		A1E0B59229C8E91E00708099 /* Main.storyboard in Resources */ = {isa = PBXBuildFile; fileRef = A1E0B59029C8E91E00708099 /* Main.storyboard */; };
		A1E0B59429C8E92100708099 /* Assets.xcassets in Resources */ = {isa = PBXBuildFile; fileRef = A1E0B59329C8E92100708099 /* Assets.xcassets */; };
		A1E0B59729C8E92100708099 /* LaunchScreen.storyboard in Resources */ = {isa = PBXBuildFile; fileRef = A1E0B59529C8E92100708099 /* LaunchScreen.storyboard */; };
		A1E0B59F29C8F18A00708099 /* Model.swift in Sources */ = {isa = PBXBuildFile; fileRef = A1E0B59E29C8F18A00708099 /* Model.swift */; };
/* End PBXBuildFile section */

/* Begin PBXFileReference section */
		A1B262CC29CE5E330080FC4F /* NetworkingManager.swift */ = {isa = PBXFileReference; lastKnownFileType = sourcecode.swift; path = NetworkingManager.swift; sourceTree = "<group>"; };
		A1CD2D2F2A8AE87F00BA7BF0 /* GoogleService-Info.plist */ = {isa = PBXFileReference; fileEncoding = 4; lastKnownFileType = text.plist.xml; path = "GoogleService-Info.plist"; sourceTree = "<group>"; };
		A1E0B58729C8E91E00708099 /* ImageViewer_App.app */ = {isa = PBXFileReference; explicitFileType = wrapper.application; includeInIndex = 0; path = ImageViewer_App.app; sourceTree = BUILT_PRODUCTS_DIR; };
		A1E0B58A29C8E91E00708099 /* AppDelegate.swift */ = {isa = PBXFileReference; lastKnownFileType = sourcecode.swift; path = AppDelegate.swift; sourceTree = "<group>"; };
		A1E0B58C29C8E91E00708099 /* SceneDelegate.swift */ = {isa = PBXFileReference; lastKnownFileType = sourcecode.swift; path = SceneDelegate.swift; sourceTree = "<group>"; };
		A1E0B58E29C8E91E00708099 /* ViewController.swift */ = {isa = PBXFileReference; lastKnownFileType = sourcecode.swift; path = ViewController.swift; sourceTree = "<group>"; };
		A1E0B59129C8E91E00708099 /* Base */ = {isa = PBXFileReference; lastKnownFileType = file.storyboard; name = Base; path = Base.lproj/Main.storyboard; sourceTree = "<group>"; };
		A1E0B59329C8E92100708099 /* Assets.xcassets */ = {isa = PBXFileReference; lastKnownFileType = folder.assetcatalog; path = Assets.xcassets; sourceTree = "<group>"; };
		A1E0B59629C8E92100708099 /* Base */ = {isa = PBXFileReference; lastKnownFileType = file.storyboard; name = Base; path = Base.lproj/LaunchScreen.storyboard; sourceTree = "<group>"; };
		A1E0B59829C8E92100708099 /* Info.plist */ = {isa = PBXFileReference; lastKnownFileType = text.plist.xml; path = Info.plist; sourceTree = "<group>"; };
		A1E0B59E29C8F18A00708099 /* Model.swift */ = {isa = PBXFileReference; lastKnownFileType = sourcecode.swift; path = Model.swift; sourceTree = "<group>"; };
/* End PBXFileReference section */

/* Begin PBXFrameworksBuildPhase section */
		A1E0B58429C8E91E00708099 /* Frameworks */ = {
			isa = PBXFrameworksBuildPhase;
			buildActionMask = 2147483647;
			files = (
				A1CD2D332A8AE92B00BA7BF0 /* FirebaseAnalytics in Frameworks */,
				A1CD2D352A8AE92B00BA7BF0 /* FirebaseAnalyticsWithoutAdIdSupport in Frameworks */,
				A1CD2D382A8AEFC100BA7BF0 /* FirebaseFirestore in Frameworks */,
			);
			runOnlyForDeploymentPostprocessing = 0;
		};
/* End PBXFrameworksBuildPhase section */

/* Begin PBXGroup section */
		A1CD2D362A8AEFC100BA7BF0 /* Frameworks */ = {
			isa = PBXGroup;
			children = (
			);
			name = Frameworks;
			sourceTree = "<group>";
		};
		A1E0B57E29C8E91E00708099 = {
			isa = PBXGroup;
			children = (
				A1E0B58929C8E91E00708099 /* ImageViewer_App */,
				A1E0B58829C8E91E00708099 /* Products */,
				A1CD2D362A8AEFC100BA7BF0 /* Frameworks */,
			);
			sourceTree = "<group>";
		};
		A1E0B58829C8E91E00708099 /* Products */ = {
			isa = PBXGroup;
			children = (
				A1E0B58729C8E91E00708099 /* ImageViewer_App.app */,
			);
			name = Products;
			sourceTree = "<group>";
		};
		A1E0B58929C8E91E00708099 /* ImageViewer_App */ = {
			isa = PBXGroup;
			children = (
				A1CD2D2F2A8AE87F00BA7BF0 /* GoogleService-Info.plist */,
				A1E0B58A29C8E91E00708099 /* AppDelegate.swift */,
				A1E0B58C29C8E91E00708099 /* SceneDelegate.swift */,
				A1E0B5A429C8F32A00708099 /* ViewControllers */,
				A1E0B59029C8E91E00708099 /* Main.storyboard */,
				A1E0B59329C8E92100708099 /* Assets.xcassets */,
				A1E0B59529C8E92100708099 /* LaunchScreen.storyboard */,
				A1E0B59829C8E92100708099 /* Info.plist */,
				A1E0B59E29C8F18A00708099 /* Model.swift */,
				A1B262CC29CE5E330080FC4F /* NetworkingManager.swift */,
			);
			path = ImageViewer_App;
			sourceTree = "<group>";
		};
		A1E0B5A429C8F32A00708099 /* ViewControllers */ = {
			isa = PBXGroup;
			children = (
				A1E0B58E29C8E91E00708099 /* ViewController.swift */,
			);
			path = ViewControllers;
			sourceTree = "<group>";
		};
/* End PBXGroup section */

/* Begin PBXNativeTarget section */
		A1E0B58629C8E91E00708099 /* ImageViewer_App */ = {
			isa = PBXNativeTarget;
			buildConfigurationList = A1E0B59B29C8E92100708099 /* Build configuration list for PBXNativeTarget "ImageViewer_App" */;
			buildPhases = (
				A1E0B58329C8E91E00708099 /* Sources */,
				A1E0B58429C8E91E00708099 /* Frameworks */,
				A1E0B58529C8E91E00708099 /* Resources */,
			);
			buildRules = (
			);
			dependencies = (
			);
			name = ImageViewer_App;
			packageProductDependencies = (
				A1CD2D322A8AE92B00BA7BF0 /* FirebaseAnalytics */,
				A1CD2D342A8AE92B00BA7BF0 /* FirebaseAnalyticsWithoutAdIdSupport */,
				A1CD2D372A8AEFC100BA7BF0 /* FirebaseFirestore */,
			);
			productName = ImageViewer_App;
			productReference = A1E0B58729C8E91E00708099 /* ImageViewer_App.app */;
			productType = "com.apple.product-type.application";
		};
/* End PBXNativeTarget section */

/* Begin PBXProject section */
		A1E0B57F29C8E91E00708099 /* Project object */ = {
			isa = PBXProject;
			attributes = {
				BuildIndependentTargetsInParallel = 1;
				LastSwiftUpdateCheck = 1420;
				LastUpgradeCheck = 1420;
				TargetAttributes = {
					A1E0B58629C8E91E00708099 = {
						CreatedOnToolsVersion = 14.2;
					};
				};
			};
			buildConfigurationList = A1E0B58229C8E91E00708099 /* Build configuration list for PBXProject "ImageViewer_App" */;
			compatibilityVersion = "Xcode 14.0";
			developmentRegion = en;
			hasScannedForEncodings = 0;
			knownRegions = (
				en,
				Base,
			);
			mainGroup = A1E0B57E29C8E91E00708099;
			packageReferences = (
				A1CD2D312A8AE92B00BA7BF0 /* XCRemoteSwiftPackageReference "firebase-ios-sdk" */,
			);
			productRefGroup = A1E0B58829C8E91E00708099 /* Products */;
			projectDirPath = "";
			projectRoot = "";
			targets = (
				A1E0B58629C8E91E00708099 /* ImageViewer_App */,
			);
		};
/* End PBXProject section */

/* Begin PBXResourcesBuildPhase section */
		A1E0B58529C8E91E00708099 /* Resources */ = {
			isa = PBXResourcesBuildPhase;
			buildActionMask = 2147483647;
			files = (
				A1E0B59729C8E92100708099 /* LaunchScreen.storyboard in Resources */,
				A1CD2D302A8AE87F00BA7BF0 /* GoogleService-Info.plist in Resources */,
				A1E0B59429C8E92100708099 /* Assets.xcassets in Resources */,
				A1E0B59229C8E91E00708099 /* Main.storyboard in Resources */,
			);
			runOnlyForDeploymentPostprocessing = 0;
		};
/* End PBXResourcesBuildPhase section */

/* Begin PBXSourcesBuildPhase section */
		A1E0B58329C8E91E00708099 /* Sources */ = {
			isa = PBXSourcesBuildPhase;
			buildActionMask = 2147483647;
			files = (
				A1E0B58F29C8E91E00708099 /* ViewController.swift in Sources */,
				A1E0B58B29C8E91E00708099 /* AppDelegate.swift in Sources */,
				A1E0B58D29C8E91E00708099 /* SceneDelegate.swift in Sources */,
				A1B262CD29CE5E330080FC4F /* NetworkingManager.swift in Sources */,
				A1E0B59F29C8F18A00708099 /* Model.swift in Sources */,
			);
			runOnlyForDeploymentPostprocessing = 0;
		};
/* End PBXSourcesBuildPhase section */

/* Begin PBXVariantGroup section */
		A1E0B59029C8E91E00708099 /* Main.storyboard */ = {
			isa = PBXVariantGroup;
			children = (
				A1E0B59129C8E91E00708099 /* Base */,
			);
			name = Main.storyboard;
			sourceTree = "<group>";
		};
		A1E0B59529C8E92100708099 /* LaunchScreen.storyboard */ = {
			isa = PBXVariantGroup;
			children = (
				A1E0B59629C8E92100708099 /* Base */,
			);
			name = LaunchScreen.storyboard;
			sourceTree = "<group>";
		};
/* End PBXVariantGroup section */

/* Begin XCBuildConfiguration section */
		A1E0B59929C8E92100708099 /* Debug */ = {
			isa = XCBuildConfiguration;
			buildSettings = {
				ALWAYS_SEARCH_USER_PATHS = NO;
				CLANG_ANALYZER_NONNULL = YES;
				CLANG_ANALYZER_NUMBER_OBJECT_CONVERSION = YES_AGGRESSIVE;
				CLANG_CXX_LANGUAGE_STANDARD = "gnu++20";
				CLANG_ENABLE_MODULES = YES;
				CLANG_ENABLE_OBJC_ARC = YES;
				CLANG_ENABLE_OBJC_WEAK = YES;
				CLANG_WARN_BLOCK_CAPTURE_AUTORELEASING = YES;
				CLANG_WARN_BOOL_CONVERSION = YES;
				CLANG_WARN_COMMA = YES;
				CLANG_WARN_CONSTANT_CONVERSION = YES;
				CLANG_WARN_DEPRECATED_OBJC_IMPLEMENTATIONS = YES;
				CLANG_WARN_DIRECT_OBJC_ISA_USAGE = YES_ERROR;
				CLANG_WARN_DOCUMENTATION_COMMENTS = YES;
				CLANG_WARN_EMPTY_BODY = YES;
				CLANG_WARN_ENUM_CONVERSION = YES;
				CLANG_WARN_INFINITE_RECURSION = YES;
				CLANG_WARN_INT_CONVERSION = YES;
				CLANG_WARN_NON_LITERAL_NULL_CONVERSION = YES;
				CLANG_WARN_OBJC_IMPLICIT_RETAIN_SELF = YES;
				CLANG_WARN_OBJC_LITERAL_CONVERSION = YES;
				CLANG_WARN_OBJC_ROOT_CLASS = YES_ERROR;
				CLANG_WARN_QUOTED_INCLUDE_IN_FRAMEWORK_HEADER = YES;
				CLANG_WARN_RANGE_LOOP_ANALYSIS = YES;
				CLANG_WARN_STRICT_PROTOTYPES = YES;
				CLANG_WARN_SUSPICIOUS_MOVE = YES;
				CLANG_WARN_UNGUARDED_AVAILABILITY = YES_AGGRESSIVE;
				CLANG_WARN_UNREACHABLE_CODE = YES;
				CLANG_WARN__DUPLICATE_METHOD_MATCH = YES;
				COPY_PHASE_STRIP = NO;
				DEBUG_INFORMATION_FORMAT = dwarf;
				ENABLE_STRICT_OBJC_MSGSEND = YES;
				ENABLE_TESTABILITY = YES;
				GCC_C_LANGUAGE_STANDARD = gnu11;
				GCC_DYNAMIC_NO_PIC = NO;
				GCC_NO_COMMON_BLOCKS = YES;
				GCC_OPTIMIZATION_LEVEL = 0;
				GCC_PREPROCESSOR_DEFINITIONS = (
					"DEBUG=1",
					"$(inherited)",
				);
				GCC_WARN_64_TO_32_BIT_CONVERSION = YES;
				GCC_WARN_ABOUT_RETURN_TYPE = YES_ERROR;
				GCC_WARN_UNDECLARED_SELECTOR = YES;
				GCC_WARN_UNINITIALIZED_AUTOS = YES_AGGRESSIVE;
				GCC_WARN_UNUSED_FUNCTION = YES;
				GCC_WARN_UNUSED_VARIABLE = YES;
				IPHONEOS_DEPLOYMENT_TARGET = 16.2;
				MTL_ENABLE_DEBUG_INFO = INCLUDE_SOURCE;
				MTL_FAST_MATH = YES;
				ONLY_ACTIVE_ARCH = YES;
				SDKROOT = iphoneos;
				SWIFT_ACTIVE_COMPILATION_CONDITIONS = DEBUG;
				SWIFT_OPTIMIZATION_LEVEL = "-Onone";
			};
			name = Debug;
		};
		A1E0B59A29C8E92100708099 /* Release */ = {
			isa = XCBuildConfiguration;
			buildSettings = {
				ALWAYS_SEARCH_USER_PATHS = NO;
				CLANG_ANALYZER_NONNULL = YES;
				CLANG_ANALYZER_NUMBER_OBJECT_CONVERSION = YES_AGGRESSIVE;
				CLANG_CXX_LANGUAGE_STANDARD = "gnu++20";
				CLANG_ENABLE_MODULES = YES;
				CLANG_ENABLE_OBJC_ARC = YES;
				CLANG_ENABLE_OBJC_WEAK = YES;
				CLANG_WARN_BLOCK_CAPTURE_AUTORELEASING = YES;
				CLANG_WARN_BOOL_CONVERSION = YES;
				CLANG_WARN_COMMA = YES;
				CLANG_WARN_CONSTANT_CONVERSION = YES;
				CLANG_WARN_DEPRECATED_OBJC_IMPLEMENTATIONS = YES;
				CLANG_WARN_DIRECT_OBJC_ISA_USAGE = YES_ERROR;
				CLANG_WARN_DOCUMENTATION_COMMENTS = YES;
				CLANG_WARN_EMPTY_BODY = YES;
				CLANG_WARN_ENUM_CONVERSION = YES;
				CLANG_WARN_INFINITE_RECURSION = YES;
				CLANG_WARN_INT_CONVERSION = YES;
				CLANG_WARN_NON_LITERAL_NULL_CONVERSION = YES;
				CLANG_WARN_OBJC_IMPLICIT_RETAIN_SELF = YES;
				CLANG_WARN_OBJC_LITERAL_CONVERSION = YES;
				CLANG_WARN_OBJC_ROOT_CLASS = YES_ERROR;
				CLANG_WARN_QUOTED_INCLUDE_IN_FRAMEWORK_HEADER = YES;
				CLANG_WARN_RANGE_LOOP_ANALYSIS = YES;
				CLANG_WARN_STRICT_PROTOTYPES = YES;
				CLANG_WARN_SUSPICIOUS_MOVE = YES;
				CLANG_WARN_UNGUARDED_AVAILABILITY = YES_AGGRESSIVE;
				CLANG_WARN_UNREACHABLE_CODE = YES;
				CLANG_WARN__DUPLICATE_METHOD_MATCH = YES;
				COPY_PHASE_STRIP = NO;
				DEBUG_INFORMATION_FORMAT = "dwarf-with-dsym";
				ENABLE_NS_ASSERTIONS = NO;
				ENABLE_STRICT_OBJC_MSGSEND = YES;
				GCC_C_LANGUAGE_STANDARD = gnu11;
				GCC_NO_COMMON_BLOCKS = YES;
				GCC_WARN_64_TO_32_BIT_CONVERSION = YES;
				GCC_WARN_ABOUT_RETURN_TYPE = YES_ERROR;
				GCC_WARN_UNDECLARED_SELECTOR = YES;
				GCC_WARN_UNINITIALIZED_AUTOS = YES_AGGRESSIVE;
				GCC_WARN_UNUSED_FUNCTION = YES;
				GCC_WARN_UNUSED_VARIABLE = YES;
				IPHONEOS_DEPLOYMENT_TARGET = 16.2;
				MTL_ENABLE_DEBUG_INFO = NO;
				MTL_FAST_MATH = YES;
				SDKROOT = iphoneos;
				SWIFT_COMPILATION_MODE = wholemodule;
				SWIFT_OPTIMIZATION_LEVEL = "-O";
				VALIDATE_PRODUCT = YES;
			};
			name = Release;
		};
		A1E0B59C29C8E92100708099 /* Debug */ = {
			isa = XCBuildConfiguration;
			buildSettings = {
				ASSETCATALOG_COMPILER_APPICON_NAME = AppIcon;
				ASSETCATALOG_COMPILER_GLOBAL_ACCENT_COLOR_NAME = AccentColor;
				CODE_SIGN_STYLE = Automatic;
				CURRENT_PROJECT_VERSION = 1;
				DEVELOPMENT_TEAM = X5825GSB3B;
				GENERATE_INFOPLIST_FILE = YES;
				INFOPLIST_FILE = ImageViewer_App/Info.plist;
				INFOPLIST_KEY_UIApplicationSupportsIndirectInputEvents = YES;
				INFOPLIST_KEY_UILaunchStoryboardName = LaunchScreen;
				INFOPLIST_KEY_UIMainStoryboardFile = Main;
				INFOPLIST_KEY_UISupportedInterfaceOrientations_iPad = "UIInterfaceOrientationPortrait UIInterfaceOrientationPortraitUpsideDown UIInterfaceOrientationLandscapeLeft UIInterfaceOrientationLandscapeRight";
				INFOPLIST_KEY_UISupportedInterfaceOrientations_iPhone = "UIInterfaceOrientationPortrait UIInterfaceOrientationLandscapeLeft UIInterfaceOrientationLandscapeRight";
				LD_RUNPATH_SEARCH_PATHS = (
					"$(inherited)",
					"@executable_path/Frameworks",
				);
				MARKETING_VERSION = 1.0;
				PRODUCT_BUNDLE_IDENTIFIER = "cpp.ImageViewer-App";
				PRODUCT_NAME = "$(TARGET_NAME)";
				SWIFT_EMIT_LOC_STRINGS = YES;
				SWIFT_VERSION = 5.0;
				TARGETED_DEVICE_FAMILY = "1,2";
			};
			name = Debug;
		};
		A1E0B59D29C8E92100708099 /* Release */ = {
			isa = XCBuildConfiguration;
			buildSettings = {
				ASSETCATALOG_COMPILER_APPICON_NAME = AppIcon;
				ASSETCATALOG_COMPILER_GLOBAL_ACCENT_COLOR_NAME = AccentColor;
				CODE_SIGN_STYLE = Automatic;
				CURRENT_PROJECT_VERSION = 1;
				DEVELOPMENT_TEAM = X5825GSB3B;
				GENERATE_INFOPLIST_FILE = YES;
				INFOPLIST_FILE = ImageViewer_App/Info.plist;
				INFOPLIST_KEY_UIApplicationSupportsIndirectInputEvents = YES;
				INFOPLIST_KEY_UILaunchStoryboardName = LaunchScreen;
				INFOPLIST_KEY_UIMainStoryboardFile = Main;
				INFOPLIST_KEY_UISupportedInterfaceOrientations_iPad = "UIInterfaceOrientationPortrait UIInterfaceOrientationPortraitUpsideDown UIInterfaceOrientationLandscapeLeft UIInterfaceOrientationLandscapeRight";
				INFOPLIST_KEY_UISupportedInterfaceOrientations_iPhone = "UIInterfaceOrientationPortrait UIInterfaceOrientationLandscapeLeft UIInterfaceOrientationLandscapeRight";
				LD_RUNPATH_SEARCH_PATHS = (
					"$(inherited)",
					"@executable_path/Frameworks",
				);
				MARKETING_VERSION = 1.0;
				PRODUCT_BUNDLE_IDENTIFIER = "cpp.ImageViewer-App";
				PRODUCT_NAME = "$(TARGET_NAME)";
				SWIFT_EMIT_LOC_STRINGS = YES;
				SWIFT_VERSION = 5.0;
				TARGETED_DEVICE_FAMILY = "1,2";
			};
			name = Release;
		};
/* End XCBuildConfiguration section */

/* Begin XCConfigurationList section */
		A1E0B58229C8E91E00708099 /* Build configuration list for PBXProject "ImageViewer_App" */ = {
			isa = XCConfigurationList;
			buildConfigurations = (
				A1E0B59929C8E92100708099 /* Debug */,
				A1E0B59A29C8E92100708099 /* Release */,
			);
			defaultConfigurationIsVisible = 0;
			defaultConfigurationName = Release;
		};
		A1E0B59B29C8E92100708099 /* Build configuration list for PBXNativeTarget "ImageViewer_App" */ = {
			isa = XCConfigurationList;
			buildConfigurations = (
				A1E0B59C29C8E92100708099 /* Debug */,
				A1E0B59D29C8E92100708099 /* Release */,
			);
			defaultConfigurationIsVisible = 0;
			defaultConfigurationName = Release;
		};
/* End XCConfigurationList section */

/* Begin XCRemoteSwiftPackageReference section */
		A1CD2D312A8AE92B00BA7BF0 /* XCRemoteSwiftPackageReference "firebase-ios-sdk" */ = {
			isa = XCRemoteSwiftPackageReference;
			repositoryURL = "https://github.com/firebase/firebase-ios-sdk";
			requirement = {
				kind = upToNextMajorVersion;
				minimumVersion = 10.0.0;
			};
		};
/* End XCRemoteSwiftPackageReference section */

/* Begin XCSwiftPackageProductDependency section */
		A1CD2D322A8AE92B00BA7BF0 /* FirebaseAnalytics */ = {
			isa = XCSwiftPackageProductDependency;
			package = A1CD2D312A8AE92B00BA7BF0 /* XCRemoteSwiftPackageReference "firebase-ios-sdk" */;
			productName = FirebaseAnalytics;
		};
		A1CD2D342A8AE92B00BA7BF0 /* FirebaseAnalyticsWithoutAdIdSupport */ = {
			isa = XCSwiftPackageProductDependency;
			package = A1CD2D312A8AE92B00BA7BF0 /* XCRemoteSwiftPackageReference "firebase-ios-sdk" */;
			productName = FirebaseAnalyticsWithoutAdIdSupport;
		};
		A1CD2D372A8AEFC100BA7BF0 /* FirebaseFirestore */ = {
			isa = XCSwiftPackageProductDependency;
			package = A1CD2D312A8AE92B00BA7BF0 /* XCRemoteSwiftPackageReference "firebase-ios-sdk" */;
			productName = FirebaseFirestore;
		};
/* End XCSwiftPackageProductDependency section */
	};
	rootObject = A1E0B57F29C8E91E00708099 /* Project object */;
}
